
Microsoft Visual Studio Solution File, Format Version 12.00
# Visual Studio 15
VisualStudioVersion = 15.0.28307.489
MinimumVisualStudioVersion = 10.0.40219.1
Project("{FAE04EC0-301F-11D3-BF4B-00C04F79EFBC}") = "Collections", "Collections\Collections.csproj", "{2C1D3977-7564-4081-8BE8-9CA5449C03EE}"
EndProject
Project("{FAE04EC0-301F-11D3-BF4B-00C04F79EFBC}") = "Collections.Tests", "Collections.Tests\Collections.Tests.csproj", "{AE919EAC-DFB9-4706-9365-EA36F721393F}"
EndProject
Global
	GlobalSection(SolutionConfigurationPlatforms) = preSolution
		Debug|Any CPU = Debug|Any CPU
		Release|Any CPU = Release|Any CPU
	EndGlobalSection
	GlobalSection(ProjectConfigurationPlatforms) = postSolution
		{2C1D3977-7564-4081-8BE8-9CA5449C03EE}.Debug|Any CPU.ActiveCfg = Debug|Any CPU
		{2C1D3977-7564-4081-8BE8-9CA5449C03EE}.Debug|Any CPU.Build.0 = Debug|Any CPU
		{2C1D3977-7564-4081-8BE8-9CA5449C03EE}.Release|Any CPU.ActiveCfg = Release|Any CPU
		{2C1D3977-7564-4081-8BE8-9CA5449C03EE}.Release|Any CPU.Build.0 = Release|Any CPU
		{AE919EAC-DFB9-4706-9365-EA36F721393F}.Debug|Any CPU.ActiveCfg = Debug|Any CPU
		{AE919EAC-DFB9-4706-9365-EA36F721393F}.Debug|Any CPU.Build.0 = Debug|Any CPU
		{AE919EAC-DFB9-4706-9365-EA36F721393F}.Release|Any CPU.ActiveCfg = Release|Any CPU
		{AE919EAC-DFB9-4706-9365-EA36F721393F}.Release|Any CPU.Build.0 = Release|Any CPU
	EndGlobalSection
	GlobalSection(SolutionProperties) = preSolution
		HideSolutionNode = FALSE
	EndGlobalSection
	GlobalSection(ExtensibilityGlobals) = postSolution
		SolutionGuid = {56734A7F-4274-4B08-B09E-69020B767AD9}
	EndGlobalSection
EndGlobal
